
Microsoft Visual Studio Solution File, Format Version 12.00
# Visual Studio Version 16
VisualStudioVersion = 16.0.30104.148
MinimumVisualStudioVersion = 10.0.40219.1
Project("{9A19103F-16F7-4668-BE54-9A1E7A4F7556}") = "Huiswerk6", "Huiswerk6\Huiswerk6.csproj", "{B5F0B181-7727-4152-BF03-E0E7D4B93835}"
EndProject
Project("{FAE04EC0-301F-11D3-BF4B-00C04F79EFBC}") = "Tests", "Tests\Tests.csproj", "{AA02965B-DDD7-4965-BF61-BE85BDA5F8F5}"
EndProject
Global
	GlobalSection(SolutionConfigurationPlatforms) = preSolution
		Debug|Any CPU = Debug|Any CPU
		Release|Any CPU = Release|Any CPU
	EndGlobalSection
	GlobalSection(ProjectConfigurationPlatforms) = postSolution
		{B5F0B181-7727-4152-BF03-E0E7D4B93835}.Debug|Any CPU.ActiveCfg = Debug|Any CPU
		{B5F0B181-7727-4152-BF03-E0E7D4B93835}.Debug|Any CPU.Build.0 = Debug|Any CPU
		{B5F0B181-7727-4152-BF03-E0E7D4B93835}.Release|Any CPU.ActiveCfg = Release|Any CPU
		{B5F0B181-7727-4152-BF03-E0E7D4B93835}.Release|Any CPU.Build.0 = Release|Any CPU
		{AA02965B-DDD7-4965-BF61-BE85BDA5F8F5}.Debug|Any CPU.ActiveCfg = Debug|Any CPU
		{AA02965B-DDD7-4965-BF61-BE85BDA5F8F5}.Debug|Any CPU.Build.0 = Debug|Any CPU
		{AA02965B-DDD7-4965-BF61-BE85BDA5F8F5}.Release|Any CPU.ActiveCfg = Release|Any CPU
		{AA02965B-DDD7-4965-BF61-BE85BDA5F8F5}.Release|Any CPU.Build.0 = Release|Any CPU
	EndGlobalSection
	GlobalSection(SolutionProperties) = preSolution
		HideSolutionNode = FALSE
	EndGlobalSection
	GlobalSection(ExtensibilityGlobals) = postSolution
		SolutionGuid = {4D1B93B0-615A-419D-B0EF-1F82E8362FD9}
	EndGlobalSection
EndGlobal
